
Microsoft Visual Studio Solution File, Format Version 12.00
# Visual Studio Version 17
VisualStudioVersion = 17.9.34728.123
MinimumVisualStudioVersion = 10.0.40219.1
Project("{2150E333-8FDC-42A3-9474-1A3956D46DE8}") = "Src", "Src", "{B0E2BBBA-37B7-4BFB-A8F5-144F79BD8984}"
EndProject
Project("{2150E333-8FDC-42A3-9474-1A3956D46DE8}") = "Test", "Test", "{42FCFF20-13A6-44D1-8ED2-841684ABAB75}"
EndProject
Project("{2150E333-8FDC-42A3-9474-1A3956D46DE8}") = "Document", "Document", "{AC1C5728-ACA0-4078-BAD6-B020F3BBBF6A}"
EndProject
Project("{2150E333-8FDC-42A3-9474-1A3956D46DE8}") = "Ordering", "Ordering", "{0BB3FD36-7107-4ABD-9F5B-9B76A0176829}"
EndProject
Project("{9A19103F-16F7-4668-BE54-9A1E7A4F7556}") = "Ordering.Domain", "Ordering.Domain\Ordering.Domain.csproj", "{1D7527BA-A8A2-44CC-976A-FC8D256A4E33}"
EndProject
Project("{9A19103F-16F7-4668-BE54-9A1E7A4F7556}") = "Ordering.Application", "Ordering.Application\Ordering.Application.csproj", "{19B18BED-82C3-4B75-9C70-2DFEDAB2D339}"
EndProject
Project("{9A19103F-16F7-4668-BE54-9A1E7A4F7556}") = "Ordering.Infrastructure", "Ordering.Infrastructure\Ordering.Infrastructure.csproj", "{9EE92214-39D7-4385-A5EB-133E7D010FE0}"
EndProject
Project("{2150E333-8FDC-42A3-9474-1A3956D46DE8}") = "Catalog", "Catalog", "{E0001416-EA69-422B-8068-00D4BE46E4FA}"
EndProject
Project("{9A19103F-16F7-4668-BE54-9A1E7A4F7556}") = "Catalog.Domain", "Catalog.Domain\Catalog.Domain.csproj", "{781791AB-9685-4AF9-809A-5EBB4EE1088B}"
EndProject
Project("{9A19103F-16F7-4668-BE54-9A1E7A4F7556}") = "Catalog.Infrastructure", "Catalog.Infrastructure\Catalog.Infrastructure.csproj", "{7B576444-51C0-4C0B-9F4F-90E8A951C09D}"
EndProject
Project("{2150E333-8FDC-42A3-9474-1A3956D46DE8}") = "Customers", "Customers", "{B13E980D-C0D8-4C4C-A9FF-41E23A9DA929}"
EndProject
Project("{9A19103F-16F7-4668-BE54-9A1E7A4F7556}") = "Customers.Domain", "Customers.Domain\Customers.Domain.csproj", "{63926C8B-544D-4AD6-96F4-901DDB51648B}"
EndProject
Project("{9A19103F-16F7-4668-BE54-9A1E7A4F7556}") = "Catalog.Application", "Catalog.Application\Catalog.Application.csproj", "{37EDAF2D-4068-4EE1-B7CE-E28B911A091C}"
EndProject
Project("{9A19103F-16F7-4668-BE54-9A1E7A4F7556}") = "Customers.Application", "Customers.Application\Customers.Application.csproj", "{7ED9AFE7-7029-428C-83BA-1179F5D3EDB1}"
EndProject
Project("{9A19103F-16F7-4668-BE54-9A1E7A4F7556}") = "Customers.Infrastructure", "Customers.Infrastructure\Customers.Infrastructure.csproj", "{E598C47E-CBC6-4895-AD9E-E583E953CD3A}"
EndProject
Project("{2150E333-8FDC-42A3-9474-1A3956D46DE8}") = "BuildingBlocks", "BuildingBlocks", "{EE06A72B-0E7E-4D95-B108-51EE3DD20EF4}"
EndProject
Project("{2150E333-8FDC-42A3-9474-1A3956D46DE8}") = "Endpoints", "Endpoints", "{E64B99EA-1024-4401-B70A-1C89404FD370}"
EndProject
Project("{9A19103F-16F7-4668-BE54-9A1E7A4F7556}") = "Ordering.API", "Ordering.API\Ordering.API.csproj", "{6B782A46-2F3E-4721-B34D-BFBE44E17A0A}"
EndProject
Project("{9A19103F-16F7-4668-BE54-9A1E7A4F7556}") = "BuildingBlocks", "BuildingBlocks\BuildingBlocks.csproj", "{E613B89F-CDD0-4F68-BEE5-25DC4B7BC391}"
EndProject
Project("{9A19103F-16F7-4668-BE54-9A1E7A4F7556}") = "Inventory.API", "Inventory.API\Inventory.API.csproj", "{9AEE2D3F-B8AA-4C41-B76D-7E85DD58BB1B}"
EndProject
Project("{2150E333-8FDC-42A3-9474-1A3956D46DE8}") = "Inventory", "Inventory", "{599FB307-2079-4E62-9D46-EB7EED8D58EB}"
EndProject
Project("{9A19103F-16F7-4668-BE54-9A1E7A4F7556}") = "Inventory.Application", "Inventory.Application\Inventory.Application.csproj", "{F1651A47-A075-4B05-A841-C9DBCD5013CD}"
EndProject
Project("{9A19103F-16F7-4668-BE54-9A1E7A4F7556}") = "Inventory.Domain", "Inventory.Domain\Inventory.Domain.csproj", "{20F0CCE2-DB4E-4262-AB25-8A1A6841AF6E}"
EndProject
Project("{9A19103F-16F7-4668-BE54-9A1E7A4F7556}") = "Inventory.Infrastructure", "Inventory.Infrastructure\Inventory.Infrastructure.csproj", "{7751635A-AE67-46BB-A486-33B9A9A70D03}"
EndProject
Project("{FAE04EC0-301F-11D3-BF4B-00C04F79EFBC}") = "BuildingBlocks.Contracts", "BuildingBlocks.Contracts\BuildingBlocks.Contracts.csproj", "{13887540-A07D-420E-A8D3-0CF556551AC8}"
EndProject
Global
	GlobalSection(SolutionConfigurationPlatforms) = preSolution
		Debug|Any CPU = Debug|Any CPU
		Debug|x64 = Debug|x64
		Debug|x86 = Debug|x86
		Release|Any CPU = Release|Any CPU
		Release|x64 = Release|x64
		Release|x86 = Release|x86
	EndGlobalSection
	GlobalSection(ProjectConfigurationPlatforms) = postSolution
		{1D7527BA-A8A2-44CC-976A-FC8D256A4E33}.Debug|Any CPU.ActiveCfg = Debug|Any CPU
		{1D7527BA-A8A2-44CC-976A-FC8D256A4E33}.Debug|Any CPU.Build.0 = Debug|Any CPU
		{1D7527BA-A8A2-44CC-976A-FC8D256A4E33}.Debug|x64.ActiveCfg = Debug|Any CPU
		{1D7527BA-A8A2-44CC-976A-FC8D256A4E33}.Debug|x64.Build.0 = Debug|Any CPU
		{1D7527BA-A8A2-44CC-976A-FC8D256A4E33}.Debug|x86.ActiveCfg = Debug|Any CPU
		{1D7527BA-A8A2-44CC-976A-FC8D256A4E33}.Debug|x86.Build.0 = Debug|Any CPU
		{1D7527BA-A8A2-44CC-976A-FC8D256A4E33}.Release|Any CPU.ActiveCfg = Release|Any CPU
		{1D7527BA-A8A2-44CC-976A-FC8D256A4E33}.Release|Any CPU.Build.0 = Release|Any CPU
		{1D7527BA-A8A2-44CC-976A-FC8D256A4E33}.Release|x64.ActiveCfg = Release|Any CPU
		{1D7527BA-A8A2-44CC-976A-FC8D256A4E33}.Release|x64.Build.0 = Release|Any CPU
		{1D7527BA-A8A2-44CC-976A-FC8D256A4E33}.Release|x86.ActiveCfg = Release|Any CPU
		{1D7527BA-A8A2-44CC-976A-FC8D256A4E33}.Release|x86.Build.0 = Release|Any CPU
		{19B18BED-82C3-4B75-9C70-2DFEDAB2D339}.Debug|Any CPU.ActiveCfg = Debug|Any CPU
		{19B18BED-82C3-4B75-9C70-2DFEDAB2D339}.Debug|Any CPU.Build.0 = Debug|Any CPU
		{19B18BED-82C3-4B75-9C70-2DFEDAB2D339}.Debug|x64.ActiveCfg = Debug|Any CPU
		{19B18BED-82C3-4B75-9C70-2DFEDAB2D339}.Debug|x64.Build.0 = Debug|Any CPU
		{19B18BED-82C3-4B75-9C70-2DFEDAB2D339}.Debug|x86.ActiveCfg = Debug|Any CPU
		{19B18BED-82C3-4B75-9C70-2DFEDAB2D339}.Debug|x86.Build.0 = Debug|Any CPU
		{19B18BED-82C3-4B75-9C70-2DFEDAB2D339}.Release|Any CPU.ActiveCfg = Release|Any CPU
		{19B18BED-82C3-4B75-9C70-2DFEDAB2D339}.Release|Any CPU.Build.0 = Release|Any CPU
		{19B18BED-82C3-4B75-9C70-2DFEDAB2D339}.Release|x64.ActiveCfg = Release|Any CPU
		{19B18BED-82C3-4B75-9C70-2DFEDAB2D339}.Release|x64.Build.0 = Release|Any CPU
		{19B18BED-82C3-4B75-9C70-2DFEDAB2D339}.Release|x86.ActiveCfg = Release|Any CPU
		{19B18BED-82C3-4B75-9C70-2DFEDAB2D339}.Release|x86.Build.0 = Release|Any CPU
		{9EE92214-39D7-4385-A5EB-133E7D010FE0}.Debug|Any CPU.ActiveCfg = Debug|Any CPU
		{9EE92214-39D7-4385-A5EB-133E7D010FE0}.Debug|Any CPU.Build.0 = Debug|Any CPU
		{9EE92214-39D7-4385-A5EB-133E7D010FE0}.Debug|x64.ActiveCfg = Debug|Any CPU
		{9EE92214-39D7-4385-A5EB-133E7D010FE0}.Debug|x64.Build.0 = Debug|Any CPU
		{9EE92214-39D7-4385-A5EB-133E7D010FE0}.Debug|x86.ActiveCfg = Debug|Any CPU
		{9EE92214-39D7-4385-A5EB-133E7D010FE0}.Debug|x86.Build.0 = Debug|Any CPU
		{9EE92214-39D7-4385-A5EB-133E7D010FE0}.Release|Any CPU.ActiveCfg = Release|Any CPU
		{9EE92214-39D7-4385-A5EB-133E7D010FE0}.Release|Any CPU.Build.0 = Release|Any CPU
		{9EE92214-39D7-4385-A5EB-133E7D010FE0}.Release|x64.ActiveCfg = Release|Any CPU
		{9EE92214-39D7-4385-A5EB-133E7D010FE0}.Release|x64.Build.0 = Release|Any CPU
		{9EE92214-39D7-4385-A5EB-133E7D010FE0}.Release|x86.ActiveCfg = Release|Any CPU
		{9EE92214-39D7-4385-A5EB-133E7D010FE0}.Release|x86.Build.0 = Release|Any CPU
		{781791AB-9685-4AF9-809A-5EBB4EE1088B}.Debug|Any CPU.ActiveCfg = Debug|Any CPU
		{781791AB-9685-4AF9-809A-5EBB4EE1088B}.Debug|Any CPU.Build.0 = Debug|Any CPU
		{781791AB-9685-4AF9-809A-5EBB4EE1088B}.Debug|x64.ActiveCfg = Debug|Any CPU
		{781791AB-9685-4AF9-809A-5EBB4EE1088B}.Debug|x64.Build.0 = Debug|Any CPU
		{781791AB-9685-4AF9-809A-5EBB4EE1088B}.Debug|x86.ActiveCfg = Debug|Any CPU
		{781791AB-9685-4AF9-809A-5EBB4EE1088B}.Debug|x86.Build.0 = Debug|Any CPU
		{781791AB-9685-4AF9-809A-5EBB4EE1088B}.Release|Any CPU.ActiveCfg = Release|Any CPU
		{781791AB-9685-4AF9-809A-5EBB4EE1088B}.Release|Any CPU.Build.0 = Release|Any CPU
		{781791AB-9685-4AF9-809A-5EBB4EE1088B}.Release|x64.ActiveCfg = Release|Any CPU
		{781791AB-9685-4AF9-809A-5EBB4EE1088B}.Release|x64.Build.0 = Release|Any CPU
		{781791AB-9685-4AF9-809A-5EBB4EE1088B}.Release|x86.ActiveCfg = Release|Any CPU
		{781791AB-9685-4AF9-809A-5EBB4EE1088B}.Release|x86.Build.0 = Release|Any CPU
		{7B576444-51C0-4C0B-9F4F-90E8A951C09D}.Debug|Any CPU.ActiveCfg = Debug|Any CPU
		{7B576444-51C0-4C0B-9F4F-90E8A951C09D}.Debug|Any CPU.Build.0 = Debug|Any CPU
		{7B576444-51C0-4C0B-9F4F-90E8A951C09D}.Debug|x64.ActiveCfg = Debug|Any CPU
		{7B576444-51C0-4C0B-9F4F-90E8A951C09D}.Debug|x64.Build.0 = Debug|Any CPU
		{7B576444-51C0-4C0B-9F4F-90E8A951C09D}.Debug|x86.ActiveCfg = Debug|Any CPU
		{7B576444-51C0-4C0B-9F4F-90E8A951C09D}.Debug|x86.Build.0 = Debug|Any CPU
		{7B576444-51C0-4C0B-9F4F-90E8A951C09D}.Release|Any CPU.ActiveCfg = Release|Any CPU
		{7B576444-51C0-4C0B-9F4F-90E8A951C09D}.Release|Any CPU.Build.0 = Release|Any CPU
		{7B576444-51C0-4C0B-9F4F-90E8A951C09D}.Release|x64.ActiveCfg = Release|Any CPU
		{7B576444-51C0-4C0B-9F4F-90E8A951C09D}.Release|x64.Build.0 = Release|Any CPU
		{7B576444-51C0-4C0B-9F4F-90E8A951C09D}.Release|x86.ActiveCfg = Release|Any CPU
		{7B576444-51C0-4C0B-9F4F-90E8A951C09D}.Release|x86.Build.0 = Release|Any CPU
		{63926C8B-544D-4AD6-96F4-901DDB51648B}.Debug|Any CPU.ActiveCfg = Debug|Any CPU
		{63926C8B-544D-4AD6-96F4-901DDB51648B}.Debug|Any CPU.Build.0 = Debug|Any CPU
		{63926C8B-544D-4AD6-96F4-901DDB51648B}.Debug|x64.ActiveCfg = Debug|Any CPU
		{63926C8B-544D-4AD6-96F4-901DDB51648B}.Debug|x64.Build.0 = Debug|Any CPU
		{63926C8B-544D-4AD6-96F4-901DDB51648B}.Debug|x86.ActiveCfg = Debug|Any CPU
		{63926C8B-544D-4AD6-96F4-901DDB51648B}.Debug|x86.Build.0 = Debug|Any CPU
		{63926C8B-544D-4AD6-96F4-901DDB51648B}.Release|Any CPU.ActiveCfg = Release|Any CPU
		{63926C8B-544D-4AD6-96F4-901DDB51648B}.Release|Any CPU.Build.0 = Release|Any CPU
		{63926C8B-544D-4AD6-96F4-901DDB51648B}.Release|x64.ActiveCfg = Release|Any CPU
		{63926C8B-544D-4AD6-96F4-901DDB51648B}.Release|x64.Build.0 = Release|Any CPU
		{63926C8B-544D-4AD6-96F4-901DDB51648B}.Release|x86.ActiveCfg = Release|Any CPU
		{63926C8B-544D-4AD6-96F4-901DDB51648B}.Release|x86.Build.0 = Release|Any CPU
		{37EDAF2D-4068-4EE1-B7CE-E28B911A091C}.Debug|Any CPU.ActiveCfg = Debug|Any CPU
		{37EDAF2D-4068-4EE1-B7CE-E28B911A091C}.Debug|Any CPU.Build.0 = Debug|Any CPU
		{37EDAF2D-4068-4EE1-B7CE-E28B911A091C}.Debug|x64.ActiveCfg = Debug|Any CPU
		{37EDAF2D-4068-4EE1-B7CE-E28B911A091C}.Debug|x64.Build.0 = Debug|Any CPU
		{37EDAF2D-4068-4EE1-B7CE-E28B911A091C}.Debug|x86.ActiveCfg = Debug|Any CPU
		{37EDAF2D-4068-4EE1-B7CE-E28B911A091C}.Debug|x86.Build.0 = Debug|Any CPU
		{37EDAF2D-4068-4EE1-B7CE-E28B911A091C}.Release|Any CPU.ActiveCfg = Release|Any CPU
		{37EDAF2D-4068-4EE1-B7CE-E28B911A091C}.Release|Any CPU.Build.0 = Release|Any CPU
		{37EDAF2D-4068-4EE1-B7CE-E28B911A091C}.Release|x64.ActiveCfg = Release|Any CPU
		{37EDAF2D-4068-4EE1-B7CE-E28B911A091C}.Release|x64.Build.0 = Release|Any CPU
		{37EDAF2D-4068-4EE1-B7CE-E28B911A091C}.Release|x86.ActiveCfg = Release|Any CPU
		{37EDAF2D-4068-4EE1-B7CE-E28B911A091C}.Release|x86.Build.0 = Release|Any CPU
		{7ED9AFE7-7029-428C-83BA-1179F5D3EDB1}.Debug|Any CPU.ActiveCfg = Debug|Any CPU
		{7ED9AFE7-7029-428C-83BA-1179F5D3EDB1}.Debug|Any CPU.Build.0 = Debug|Any CPU
		{7ED9AFE7-7029-428C-83BA-1179F5D3EDB1}.Debug|x64.ActiveCfg = Debug|Any CPU
		{7ED9AFE7-7029-428C-83BA-1179F5D3EDB1}.Debug|x64.Build.0 = Debug|Any CPU
		{7ED9AFE7-7029-428C-83BA-1179F5D3EDB1}.Debug|x86.ActiveCfg = Debug|Any CPU
		{7ED9AFE7-7029-428C-83BA-1179F5D3EDB1}.Debug|x86.Build.0 = Debug|Any CPU
		{7ED9AFE7-7029-428C-83BA-1179F5D3EDB1}.Release|Any CPU.ActiveCfg = Release|Any CPU
		{7ED9AFE7-7029-428C-83BA-1179F5D3EDB1}.Release|Any CPU.Build.0 = Release|Any CPU
		{7ED9AFE7-7029-428C-83BA-1179F5D3EDB1}.Release|x64.ActiveCfg = Release|Any CPU
		{7ED9AFE7-7029-428C-83BA-1179F5D3EDB1}.Release|x64.Build.0 = Release|Any CPU
		{7ED9AFE7-7029-428C-83BA-1179F5D3EDB1}.Release|x86.ActiveCfg = Release|Any CPU
		{7ED9AFE7-7029-428C-83BA-1179F5D3EDB1}.Release|x86.Build.0 = Release|Any CPU
		{E598C47E-CBC6-4895-AD9E-E583E953CD3A}.Debug|Any CPU.ActiveCfg = Debug|Any CPU
		{E598C47E-CBC6-4895-AD9E-E583E953CD3A}.Debug|Any CPU.Build.0 = Debug|Any CPU
		{E598C47E-CBC6-4895-AD9E-E583E953CD3A}.Debug|x64.ActiveCfg = Debug|Any CPU
		{E598C47E-CBC6-4895-AD9E-E583E953CD3A}.Debug|x64.Build.0 = Debug|Any CPU
		{E598C47E-CBC6-4895-AD9E-E583E953CD3A}.Debug|x86.ActiveCfg = Debug|Any CPU
		{E598C47E-CBC6-4895-AD9E-E583E953CD3A}.Debug|x86.Build.0 = Debug|Any CPU
		{E598C47E-CBC6-4895-AD9E-E583E953CD3A}.Release|Any CPU.ActiveCfg = Release|Any CPU
		{E598C47E-CBC6-4895-AD9E-E583E953CD3A}.Release|Any CPU.Build.0 = Release|Any CPU
		{E598C47E-CBC6-4895-AD9E-E583E953CD3A}.Release|x64.ActiveCfg = Release|Any CPU
		{E598C47E-CBC6-4895-AD9E-E583E953CD3A}.Release|x64.Build.0 = Release|Any CPU
		{E598C47E-CBC6-4895-AD9E-E583E953CD3A}.Release|x86.ActiveCfg = Release|Any CPU
		{E598C47E-CBC6-4895-AD9E-E583E953CD3A}.Release|x86.Build.0 = Release|Any CPU
		{6B782A46-2F3E-4721-B34D-BFBE44E17A0A}.Debug|Any CPU.ActiveCfg = Debug|Any CPU
		{6B782A46-2F3E-4721-B34D-BFBE44E17A0A}.Debug|Any CPU.Build.0 = Debug|Any CPU
		{6B782A46-2F3E-4721-B34D-BFBE44E17A0A}.Debug|x64.ActiveCfg = Debug|Any CPU
		{6B782A46-2F3E-4721-B34D-BFBE44E17A0A}.Debug|x64.Build.0 = Debug|Any CPU
		{6B782A46-2F3E-4721-B34D-BFBE44E17A0A}.Debug|x86.ActiveCfg = Debug|Any CPU
		{6B782A46-2F3E-4721-B34D-BFBE44E17A0A}.Debug|x86.Build.0 = Debug|Any CPU
		{6B782A46-2F3E-4721-B34D-BFBE44E17A0A}.Release|Any CPU.ActiveCfg = Release|Any CPU
		{6B782A46-2F3E-4721-B34D-BFBE44E17A0A}.Release|Any CPU.Build.0 = Release|Any CPU
		{6B782A46-2F3E-4721-B34D-BFBE44E17A0A}.Release|x64.ActiveCfg = Release|Any CPU
		{6B782A46-2F3E-4721-B34D-BFBE44E17A0A}.Release|x64.Build.0 = Release|Any CPU
		{6B782A46-2F3E-4721-B34D-BFBE44E17A0A}.Release|x86.ActiveCfg = Release|Any CPU
		{6B782A46-2F3E-4721-B34D-BFBE44E17A0A}.Release|x86.Build.0 = Release|Any CPU
		{E613B89F-CDD0-4F68-BEE5-25DC4B7BC391}.Debug|Any CPU.ActiveCfg = Debug|Any CPU
		{E613B89F-CDD0-4F68-BEE5-25DC4B7BC391}.Debug|Any CPU.Build.0 = Debug|Any CPU
		{E613B89F-CDD0-4F68-BEE5-25DC4B7BC391}.Debug|x64.ActiveCfg = Debug|Any CPU
		{E613B89F-CDD0-4F68-BEE5-25DC4B7BC391}.Debug|x64.Build.0 = Debug|Any CPU
		{E613B89F-CDD0-4F68-BEE5-25DC4B7BC391}.Debug|x86.ActiveCfg = Debug|Any CPU
		{E613B89F-CDD0-4F68-BEE5-25DC4B7BC391}.Debug|x86.Build.0 = Debug|Any CPU
		{E613B89F-CDD0-4F68-BEE5-25DC4B7BC391}.Release|Any CPU.ActiveCfg = Release|Any CPU
		{E613B89F-CDD0-4F68-BEE5-25DC4B7BC391}.Release|Any CPU.Build.0 = Release|Any CPU
		{E613B89F-CDD0-4F68-BEE5-25DC4B7BC391}.Release|x64.ActiveCfg = Release|Any CPU
		{E613B89F-CDD0-4F68-BEE5-25DC4B7BC391}.Release|x64.Build.0 = Release|Any CPU
		{E613B89F-CDD0-4F68-BEE5-25DC4B7BC391}.Release|x86.ActiveCfg = Release|Any CPU
		{E613B89F-CDD0-4F68-BEE5-25DC4B7BC391}.Release|x86.Build.0 = Release|Any CPU
		{9AEE2D3F-B8AA-4C41-B76D-7E85DD58BB1B}.Debug|Any CPU.ActiveCfg = Debug|Any CPU
		{9AEE2D3F-B8AA-4C41-B76D-7E85DD58BB1B}.Debug|Any CPU.Build.0 = Debug|Any CPU
		{9AEE2D3F-B8AA-4C41-B76D-7E85DD58BB1B}.Debug|x64.ActiveCfg = Debug|Any CPU
		{9AEE2D3F-B8AA-4C41-B76D-7E85DD58BB1B}.Debug|x64.Build.0 = Debug|Any CPU
		{9AEE2D3F-B8AA-4C41-B76D-7E85DD58BB1B}.Debug|x86.ActiveCfg = Debug|Any CPU
		{9AEE2D3F-B8AA-4C41-B76D-7E85DD58BB1B}.Debug|x86.Build.0 = Debug|Any CPU
		{9AEE2D3F-B8AA-4C41-B76D-7E85DD58BB1B}.Release|Any CPU.ActiveCfg = Release|Any CPU
		{9AEE2D3F-B8AA-4C41-B76D-7E85DD58BB1B}.Release|Any CPU.Build.0 = Release|Any CPU
		{9AEE2D3F-B8AA-4C41-B76D-7E85DD58BB1B}.Release|x64.ActiveCfg = Release|Any CPU
		{9AEE2D3F-B8AA-4C41-B76D-7E85DD58BB1B}.Release|x64.Build.0 = Release|Any CPU
		{9AEE2D3F-B8AA-4C41-B76D-7E85DD58BB1B}.Release|x86.ActiveCfg = Release|Any CPU
		{9AEE2D3F-B8AA-4C41-B76D-7E85DD58BB1B}.Release|x86.Build.0 = Release|Any CPU
		{F1651A47-A075-4B05-A841-C9DBCD5013CD}.Debug|Any CPU.ActiveCfg = Debug|Any CPU
		{F1651A47-A075-4B05-A841-C9DBCD5013CD}.Debug|Any CPU.Build.0 = Debug|Any CPU
		{F1651A47-A075-4B05-A841-C9DBCD5013CD}.Debug|x64.ActiveCfg = Debug|Any CPU
		{F1651A47-A075-4B05-A841-C9DBCD5013CD}.Debug|x64.Build.0 = Debug|Any CPU
		{F1651A47-A075-4B05-A841-C9DBCD5013CD}.Debug|x86.ActiveCfg = Debug|Any CPU
		{F1651A47-A075-4B05-A841-C9DBCD5013CD}.Debug|x86.Build.0 = Debug|Any CPU
		{F1651A47-A075-4B05-A841-C9DBCD5013CD}.Release|Any CPU.ActiveCfg = Release|Any CPU
		{F1651A47-A075-4B05-A841-C9DBCD5013CD}.Release|Any CPU.Build.0 = Release|Any CPU
		{F1651A47-A075-4B05-A841-C9DBCD5013CD}.Release|x64.ActiveCfg = Release|Any CPU
		{F1651A47-A075-4B05-A841-C9DBCD5013CD}.Release|x64.Build.0 = Release|Any CPU
		{F1651A47-A075-4B05-A841-C9DBCD5013CD}.Release|x86.ActiveCfg = Release|Any CPU
		{F1651A47-A075-4B05-A841-C9DBCD5013CD}.Release|x86.Build.0 = Release|Any CPU
		{20F0CCE2-DB4E-4262-AB25-8A1A6841AF6E}.Debug|Any CPU.ActiveCfg = Debug|Any CPU
		{20F0CCE2-DB4E-4262-AB25-8A1A6841AF6E}.Debug|Any CPU.Build.0 = Debug|Any CPU
		{20F0CCE2-DB4E-4262-AB25-8A1A6841AF6E}.Debug|x64.ActiveCfg = Debug|Any CPU
		{20F0CCE2-DB4E-4262-AB25-8A1A6841AF6E}.Debug|x64.Build.0 = Debug|Any CPU
		{20F0CCE2-DB4E-4262-AB25-8A1A6841AF6E}.Debug|x86.ActiveCfg = Debug|Any CPU
		{20F0CCE2-DB4E-4262-AB25-8A1A6841AF6E}.Debug|x86.Build.0 = Debug|Any CPU
		{20F0CCE2-DB4E-4262-AB25-8A1A6841AF6E}.Release|Any CPU.ActiveCfg = Release|Any CPU
		{20F0CCE2-DB4E-4262-AB25-8A1A6841AF6E}.Release|Any CPU.Build.0 = Release|Any CPU
		{20F0CCE2-DB4E-4262-AB25-8A1A6841AF6E}.Release|x64.ActiveCfg = Release|Any CPU
		{20F0CCE2-DB4E-4262-AB25-8A1A6841AF6E}.Release|x64.Build.0 = Release|Any CPU
		{20F0CCE2-DB4E-4262-AB25-8A1A6841AF6E}.Release|x86.ActiveCfg = Release|Any CPU
		{20F0CCE2-DB4E-4262-AB25-8A1A6841AF6E}.Release|x86.Build.0 = Release|Any CPU
		{7751635A-AE67-46BB-A486-33B9A9A70D03}.Debug|Any CPU.ActiveCfg = Debug|Any CPU
		{7751635A-AE67-46BB-A486-33B9A9A70D03}.Debug|Any CPU.Build.0 = Debug|Any CPU
		{7751635A-AE67-46BB-A486-33B9A9A70D03}.Debug|x64.ActiveCfg = Debug|Any CPU
		{7751635A-AE67-46BB-A486-33B9A9A70D03}.Debug|x64.Build.0 = Debug|Any CPU
		{7751635A-AE67-46BB-A486-33B9A9A70D03}.Debug|x86.ActiveCfg = Debug|Any CPU
		{7751635A-AE67-46BB-A486-33B9A9A70D03}.Debug|x86.Build.0 = Debug|Any CPU
		{7751635A-AE67-46BB-A486-33B9A9A70D03}.Release|Any CPU.ActiveCfg = Release|Any CPU
		{7751635A-AE67-46BB-A486-33B9A9A70D03}.Release|Any CPU.Build.0 = Release|Any CPU
		{7751635A-AE67-46BB-A486-33B9A9A70D03}.Release|x64.ActiveCfg = Release|Any CPU
		{7751635A-AE67-46BB-A486-33B9A9A70D03}.Release|x64.Build.0 = Release|Any CPU
		{7751635A-AE67-46BB-A486-33B9A9A70D03}.Release|x86.ActiveCfg = Release|Any CPU
		{7751635A-AE67-46BB-A486-33B9A9A70D03}.Release|x86.Build.0 = Release|Any CPU
		{13887540-A07D-420E-A8D3-0CF556551AC8}.Debug|Any CPU.ActiveCfg = Debug|Any CPU
		{13887540-A07D-420E-A8D3-0CF556551AC8}.Debug|Any CPU.Build.0 = Debug|Any CPU
		{13887540-A07D-420E-A8D3-0CF556551AC8}.Debug|x64.ActiveCfg = Debug|Any CPU
		{13887540-A07D-420E-A8D3-0CF556551AC8}.Debug|x64.Build.0 = Debug|Any CPU
		{13887540-A07D-420E-A8D3-0CF556551AC8}.Debug|x86.ActiveCfg = Debug|Any CPU
		{13887540-A07D-420E-A8D3-0CF556551AC8}.Debug|x86.Build.0 = Debug|Any CPU
		{13887540-A07D-420E-A8D3-0CF556551AC8}.Release|Any CPU.ActiveCfg = Release|Any CPU
		{13887540-A07D-420E-A8D3-0CF556551AC8}.Release|Any CPU.Build.0 = Release|Any CPU
		{13887540-A07D-420E-A8D3-0CF556551AC8}.Release|x64.ActiveCfg = Release|Any CPU
		{13887540-A07D-420E-A8D3-0CF556551AC8}.Release|x64.Build.0 = Release|Any CPU
		{13887540-A07D-420E-A8D3-0CF556551AC8}.Release|x86.ActiveCfg = Release|Any CPU
		{13887540-A07D-420E-A8D3-0CF556551AC8}.Release|x86.Build.0 = Release|Any CPU
	EndGlobalSection
	GlobalSection(SolutionProperties) = preSolution
		HideSolutionNode = FALSE
	EndGlobalSection
	GlobalSection(NestedProjects) = preSolution
		{0BB3FD36-7107-4ABD-9F5B-9B76A0176829} = {B0E2BBBA-37B7-4BFB-A8F5-144F79BD8984}
		{1D7527BA-A8A2-44CC-976A-FC8D256A4E33} = {0BB3FD36-7107-4ABD-9F5B-9B76A0176829}
		{19B18BED-82C3-4B75-9C70-2DFEDAB2D339} = {0BB3FD36-7107-4ABD-9F5B-9B76A0176829}
		{9EE92214-39D7-4385-A5EB-133E7D010FE0} = {0BB3FD36-7107-4ABD-9F5B-9B76A0176829}
		{E0001416-EA69-422B-8068-00D4BE46E4FA} = {B0E2BBBA-37B7-4BFB-A8F5-144F79BD8984}
		{781791AB-9685-4AF9-809A-5EBB4EE1088B} = {E0001416-EA69-422B-8068-00D4BE46E4FA}
		{7B576444-51C0-4C0B-9F4F-90E8A951C09D} = {E0001416-EA69-422B-8068-00D4BE46E4FA}
		{B13E980D-C0D8-4C4C-A9FF-41E23A9DA929} = {B0E2BBBA-37B7-4BFB-A8F5-144F79BD8984}
		{63926C8B-544D-4AD6-96F4-901DDB51648B} = {B13E980D-C0D8-4C4C-A9FF-41E23A9DA929}
		{37EDAF2D-4068-4EE1-B7CE-E28B911A091C} = {E0001416-EA69-422B-8068-00D4BE46E4FA}
		{7ED9AFE7-7029-428C-83BA-1179F5D3EDB1} = {B13E980D-C0D8-4C4C-A9FF-41E23A9DA929}
		{E598C47E-CBC6-4895-AD9E-E583E953CD3A} = {B13E980D-C0D8-4C4C-A9FF-41E23A9DA929}
		{EE06A72B-0E7E-4D95-B108-51EE3DD20EF4} = {B0E2BBBA-37B7-4BFB-A8F5-144F79BD8984}
		{E64B99EA-1024-4401-B70A-1C89404FD370} = {B0E2BBBA-37B7-4BFB-A8F5-144F79BD8984}
		{6B782A46-2F3E-4721-B34D-BFBE44E17A0A} = {E64B99EA-1024-4401-B70A-1C89404FD370}
		{E613B89F-CDD0-4F68-BEE5-25DC4B7BC391} = {EE06A72B-0E7E-4D95-B108-51EE3DD20EF4}
		{9AEE2D3F-B8AA-4C41-B76D-7E85DD58BB1B} = {E64B99EA-1024-4401-B70A-1C89404FD370}
		{599FB307-2079-4E62-9D46-EB7EED8D58EB} = {B0E2BBBA-37B7-4BFB-A8F5-144F79BD8984}
		{F1651A47-A075-4B05-A841-C9DBCD5013CD} = {599FB307-2079-4E62-9D46-EB7EED8D58EB}
		{20F0CCE2-DB4E-4262-AB25-8A1A6841AF6E} = {599FB307-2079-4E62-9D46-EB7EED8D58EB}
		{7751635A-AE67-46BB-A486-33B9A9A70D03} = {599FB307-2079-4E62-9D46-EB7EED8D58EB}
	EndGlobalSection
	GlobalSection(ExtensibilityGlobals) = postSolution
		SolutionGuid = {67032FB7-68E8-4254-86F0-5B6514E8A3E5}
	EndGlobalSection
EndGlobal
